{
  "name": "shareui-login",
  "version": "1.0.0",
  "lockfileVersion": 1,
  "requires": true,
  "dependencies": {
    "@ionic/angular": {
      "version": "4.0.0-beta.18",
      "resolved": "https://registry.npmjs.org/@ionic/angular/-/angular-4.0.0-beta.18.tgz",
      "integrity": "sha512-VQCT6vGg4tNzmVWZTzIE0tXI8tRGuSlQJMmRmWVuRsAncr+/P+02BzYL3R5ssrLcoRlsJhUJmIyIcJ1XbEkW9w==",
      "requires": {
        "@ionic/core": "4.0.0-beta.18",
        "tslib": "^1.9.3"
      }
    },
    "@ionic/core": {
      "version": "4.0.0-beta.18",
      "resolved": "https://registry.npmjs.org/@ionic/core/-/core-4.0.0-beta.18.tgz",
      "integrity": "sha512-mppyG+7NJWaA/y25dzkyduZm+T527Mpm37jOxfQIAeDEYUvyj/yO5hOrXo1WwzSXI4EquxFnoIfbmlE0Jj0FRg==",
      "requires": {
        "ionicons": "4.5.0"
      }
    },
    "ionicons": {
      "version": "4.5.0",
      "resolved": "https://registry.npmjs.org/ionicons/-/ionicons-4.5.0.tgz",
      "integrity": "sha512-nNkS/0wmPcW4Lbg+NqivlOl14BGKKpaZZzZVQzH63MuZZvuu5u8F/JCwcUYiPOAYGp02w0UaDL/slz+HZOuB3Q=="
    },
    "tslib": {
      "version": "1.9.3",
      "resolved": "https://registry.npmjs.org/tslib/-/tslib-1.9.3.tgz",
      "integrity": "sha512-4krF8scpejhaOgqzBEcGM7yDIEfi0/8+8zDRZhNZZ2kjmHJ4hv3zCbQWxoJGz1iw5U0Jl0nma13xzHXcncMavQ=="
    }
  }
}
